
Microsoft Visual Studio Solution File, Format Version 12.00
# Visual Studio Version 17
VisualStudioVersion = 17.3.32825.248
MinimumVisualStudioVersion = 10.0.40219.1
Project("{FAE04EC0-301F-11D3-BF4B-00C04F79EFBC}") = "ElthamBank", "ElthamBank\ElthamBank.csproj", "{A44A325B-B60E-4E47-AA8D-F75D05A20E17}"
EndProject
Global
	GlobalSection(SolutionConfigurationPlatforms) = preSolution
		Debug|Any CPU = Debug|Any CPU
		Release|Any CPU = Release|Any CPU
	EndGlobalSection
	GlobalSection(ProjectConfigurationPlatforms) = postSolution
		{A44A325B-B60E-4E47-AA8D-F75D05A20E17}.Debug|Any CPU.ActiveCfg = Debug|Any CPU
		{A44A325B-B60E-4E47-AA8D-F75D05A20E17}.Debug|Any CPU.Build.0 = Debug|Any CPU
		{A44A325B-B60E-4E47-AA8D-F75D05A20E17}.Release|Any CPU.ActiveCfg = Release|Any CPU
		{A44A325B-B60E-4E47-AA8D-F75D05A20E17}.Release|Any CPU.Build.0 = Release|Any CPU
	EndGlobalSection
	GlobalSection(SolutionProperties) = preSolution
		HideSolutionNode = FALSE
	EndGlobalSection
	GlobalSection(ExtensibilityGlobals) = postSolution
		SolutionGuid = {7EDD0192-0321-4313-971E-9FFA8A5EAB6D}
	EndGlobalSection
EndGlobal
